
Microsoft Visual Studio Solution File, Format Version 12.00
# Visual Studio 15
VisualStudioVersion = 15.0.26430.16
MinimumVisualStudioVersion = 10.0.40219.1
Project("{8BC9CEB8-8B4A-11D0-8D11-00A0C91BC942}") = "Core", "Core\Core.vcxproj", "{18E5B881-825C-4CB6-A215-72BA8B47E6C4}"
EndProject
Project("{8BC9CEB8-8B4A-11D0-8D11-00A0C91BC942}") = "Math", "Math\Math.vcxproj", "{528A854A-8248-4766-8C67-84E888F5DAE3}"
EndProject
Project("{8BC9CEB8-8B4A-11D0-8D11-00A0C91BC942}") = "MathTest", "MathTest\MathTest.vcxproj", "{3569DDF3-5F7E-485B-95CC-0DA4063BD3F0}"
EndProject
Project("{2150E333-8FDC-42A3-9474-1A3956D46DE8}") = "Framework", "Framework", "{FAB56250-D39C-4FDD-A561-77D257B314DF}"
EndProject
Project("{2150E333-8FDC-42A3-9474-1A3956D46DE8}") = "Tests", "Tests", "{6B864042-8744-4184-8A3F-1980E1287B89}"
EndProject
Project("{8BC9CEB8-8B4A-11D0-8D11-00A0C91BC942}") = "Input", "Input\Input.vcxproj", "{422B1DF4-F1A4-4C64-BCDB-3F1BAAAAA768}"
EndProject
Project("{2150E333-8FDC-42A3-9474-1A3956D46DE8}") = "External", "External", "{56C758CC-91C6-4B3D-BA0E-A088333CA062}"
EndProject
Project("{8BC9CEB8-8B4A-11D0-8D11-00A0C91BC942}") = "DirectXTK_Desktop_2017", "External\DirectXTK\DirectXTK_Desktop_2017.vcxproj", "{E0B52AE7-E160-4D32-BF3F-910B785E5A8E}"
EndProject
Project("{8BC9CEB8-8B4A-11D0-8D11-00A0C91BC942}") = "Graphics", "Graphics\Graphics.vcxproj", "{2ABAA4EF-A672-4416-A764-540FA782A4CD}"
EndProject
Project("{2150E333-8FDC-42A3-9474-1A3956D46DE8}") = "Tools", "Tools", "{0ADF26C3-962C-4FBC-BE41-4B662525A0DD}"
EndProject
Project("{8BC9CEB8-8B4A-11D0-8D11-00A0C91BC942}") = "ModelService", "ModelService\ModelService.vcxproj", "{341B8AC3-8AE5-4997-A83D-6069563A19AA}"
EndProject
Project("{2150E333-8FDC-42A3-9474-1A3956D46DE8}") = "Projects", "Projects", "{7AE5D29B-42A4-4EAF-99BD-9FCB7B236BED}"
EndProject
Project("{8BC9CEB8-8B4A-11D0-8D11-00A0C91BC942}") = "15_HelloAnimation", "15_HelloAnimation\15_HelloAnimation.vcxproj", "{662B4F14-61D2-498A-B201-B8B0BCE51709}"
EndProject
Project("{8BC9CEB8-8B4A-11D0-8D11-00A0C91BC942}") = "Physics", "Physics\Physics.vcxproj", "{34517D6B-FF66-4D92-BC97-5AA06B8A7FDF}"
EndProject
Project("{8BC9CEB8-8B4A-11D0-8D11-00A0C91BC942}") = "BlockAllocatorTest", "BlockAllocator\BlockAllocator.vcxproj", "{732C28B8-F439-4C44-9AAA-86727E008D27}"
EndProject
Project("{2150E333-8FDC-42A3-9474-1A3956D46DE8}") = "Engine", "Engine", "{2A3EF156-3DCA-4615-BBEA-8EB15F69316E}"
EndProject
Project("{8BC9CEB8-8B4A-11D0-8D11-00A0C91BC942}") = "GameEngine", "GameEngine\GameEngine.vcxproj", "{4EDC5030-5D52-4F3C-9363-161BA955B5DC}"
EndProject
Project("{8BC9CEB8-8B4A-11D0-8D11-00A0C91BC942}") = "TinyXml2", "External\TinyXml2\TinyXml2.vcxproj", "{6ACF3D59-71AC-4D45-95B9-9A9E2909717E}"
EndProject
Global
	GlobalSection(SolutionConfigurationPlatforms) = preSolution
		Debug|x64 = Debug|x64
		Debug|x86 = Debug|x86
		Release|x64 = Release|x64
		Release|x86 = Release|x86
	EndGlobalSection
	GlobalSection(ProjectConfigurationPlatforms) = postSolution
		{18E5B881-825C-4CB6-A215-72BA8B47E6C4}.Debug|x64.ActiveCfg = Debug|x64
		{18E5B881-825C-4CB6-A215-72BA8B47E6C4}.Debug|x64.Build.0 = Debug|x64
		{18E5B881-825C-4CB6-A215-72BA8B47E6C4}.Debug|x86.ActiveCfg = Debug|Win32
		{18E5B881-825C-4CB6-A215-72BA8B47E6C4}.Debug|x86.Build.0 = Debug|Win32
		{18E5B881-825C-4CB6-A215-72BA8B47E6C4}.Release|x64.ActiveCfg = Release|x64
		{18E5B881-825C-4CB6-A215-72BA8B47E6C4}.Release|x64.Build.0 = Release|x64
		{18E5B881-825C-4CB6-A215-72BA8B47E6C4}.Release|x86.ActiveCfg = Release|Win32
		{18E5B881-825C-4CB6-A215-72BA8B47E6C4}.Release|x86.Build.0 = Release|Win32
		{528A854A-8248-4766-8C67-84E888F5DAE3}.Debug|x64.ActiveCfg = Debug|x64
		{528A854A-8248-4766-8C67-84E888F5DAE3}.Debug|x64.Build.0 = Debug|x64
		{528A854A-8248-4766-8C67-84E888F5DAE3}.Debug|x86.ActiveCfg = Debug|Win32
		{528A854A-8248-4766-8C67-84E888F5DAE3}.Debug|x86.Build.0 = Debug|Win32
		{528A854A-8248-4766-8C67-84E888F5DAE3}.Release|x64.ActiveCfg = Release|x64
		{528A854A-8248-4766-8C67-84E888F5DAE3}.Release|x64.Build.0 = Release|x64
		{528A854A-8248-4766-8C67-84E888F5DAE3}.Release|x86.ActiveCfg = Release|Win32
		{528A854A-8248-4766-8C67-84E888F5DAE3}.Release|x86.Build.0 = Release|Win32
		{3569DDF3-5F7E-485B-95CC-0DA4063BD3F0}.Debug|x64.ActiveCfg = Debug|x64
		{3569DDF3-5F7E-485B-95CC-0DA4063BD3F0}.Debug|x64.Build.0 = Debug|x64
		{3569DDF3-5F7E-485B-95CC-0DA4063BD3F0}.Debug|x86.ActiveCfg = Debug|Win32
		{3569DDF3-5F7E-485B-95CC-0DA4063BD3F0}.Debug|x86.Build.0 = Debug|Win32
		{3569DDF3-5F7E-485B-95CC-0DA4063BD3F0}.Release|x64.ActiveCfg = Release|x64
		{3569DDF3-5F7E-485B-95CC-0DA4063BD3F0}.Release|x64.Build.0 = Release|x64
		{3569DDF3-5F7E-485B-95CC-0DA4063BD3F0}.Release|x86.ActiveCfg = Release|Win32
		{3569DDF3-5F7E-485B-95CC-0DA4063BD3F0}.Release|x86.Build.0 = Release|Win32
		{422B1DF4-F1A4-4C64-BCDB-3F1BAAAAA768}.Debug|x64.ActiveCfg = Debug|x64
		{422B1DF4-F1A4-4C64-BCDB-3F1BAAAAA768}.Debug|x64.Build.0 = Debug|x64
		{422B1DF4-F1A4-4C64-BCDB-3F1BAAAAA768}.Debug|x86.ActiveCfg = Debug|Win32
		{422B1DF4-F1A4-4C64-BCDB-3F1BAAAAA768}.Debug|x86.Build.0 = Debug|Win32
		{422B1DF4-F1A4-4C64-BCDB-3F1BAAAAA768}.Release|x64.ActiveCfg = Release|Win32
		{422B1DF4-F1A4-4C64-BCDB-3F1BAAAAA768}.Release|x86.ActiveCfg = Release|Win32
		{422B1DF4-F1A4-4C64-BCDB-3F1BAAAAA768}.Release|x86.Build.0 = Release|Win32
		{E0B52AE7-E160-4D32-BF3F-910B785E5A8E}.Debug|x64.ActiveCfg = Debug|x64
		{E0B52AE7-E160-4D32-BF3F-910B785E5A8E}.Debug|x64.Build.0 = Debug|x64
		{E0B52AE7-E160-4D32-BF3F-910B785E5A8E}.Debug|x86.ActiveCfg = Debug|Win32
		{E0B52AE7-E160-4D32-BF3F-910B785E5A8E}.Debug|x86.Build.0 = Debug|Win32
		{E0B52AE7-E160-4D32-BF3F-910B785E5A8E}.Release|x64.ActiveCfg = Release|x64
		{E0B52AE7-E160-4D32-BF3F-910B785E5A8E}.Release|x64.Build.0 = Release|x64
		{E0B52AE7-E160-4D32-BF3F-910B785E5A8E}.Release|x86.ActiveCfg = Release|Win32
		{E0B52AE7-E160-4D32-BF3F-910B785E5A8E}.Release|x86.Build.0 = Release|Win32
		{2ABAA4EF-A672-4416-A764-540FA782A4CD}.Debug|x64.ActiveCfg = Debug|x64
		{2ABAA4EF-A672-4416-A764-540FA782A4CD}.Debug|x64.Build.0 = Debug|x64
		{2ABAA4EF-A672-4416-A764-540FA782A4CD}.Debug|x64.Deploy.0 = Debug|x64
		{2ABAA4EF-A672-4416-A764-540FA782A4CD}.Debug|x86.ActiveCfg = Debug|Win32
		{2ABAA4EF-A672-4416-A764-540FA782A4CD}.Debug|x86.Build.0 = Debug|Win32
		{2ABAA4EF-A672-4416-A764-540FA782A4CD}.Debug|x86.Deploy.0 = Debug|Win32
		{2ABAA4EF-A672-4416-A764-540FA782A4CD}.Release|x64.ActiveCfg = Release|x64
		{2ABAA4EF-A672-4416-A764-540FA782A4CD}.Release|x64.Build.0 = Release|x64
		{2ABAA4EF-A672-4416-A764-540FA782A4CD}.Release|x64.Deploy.0 = Release|x64
		{2ABAA4EF-A672-4416-A764-540FA782A4CD}.Release|x86.ActiveCfg = Release|Win32
		{2ABAA4EF-A672-4416-A764-540FA782A4CD}.Release|x86.Build.0 = Release|Win32
		{2ABAA4EF-A672-4416-A764-540FA782A4CD}.Release|x86.Deploy.0 = Release|Win32
		{341B8AC3-8AE5-4997-A83D-6069563A19AA}.Debug|x64.ActiveCfg = Debug|x64
		{341B8AC3-8AE5-4997-A83D-6069563A19AA}.Debug|x64.Build.0 = Debug|x64
		{341B8AC3-8AE5-4997-A83D-6069563A19AA}.Debug|x86.ActiveCfg = Debug|Win32
		{341B8AC3-8AE5-4997-A83D-6069563A19AA}.Debug|x86.Build.0 = Debug|Win32
		{341B8AC3-8AE5-4997-A83D-6069563A19AA}.Release|x64.ActiveCfg = Release|x64
		{341B8AC3-8AE5-4997-A83D-6069563A19AA}.Release|x64.Build.0 = Release|x64
		{341B8AC3-8AE5-4997-A83D-6069563A19AA}.Release|x86.ActiveCfg = Release|Win32
		{341B8AC3-8AE5-4997-A83D-6069563A19AA}.Release|x86.Build.0 = Release|Win32
		{662B4F14-61D2-498A-B201-B8B0BCE51709}.Debug|x64.ActiveCfg = Debug|x64
		{662B4F14-61D2-498A-B201-B8B0BCE51709}.Debug|x64.Build.0 = Debug|x64
		{662B4F14-61D2-498A-B201-B8B0BCE51709}.Debug|x86.ActiveCfg = Debug|Win32
		{662B4F14-61D2-498A-B201-B8B0BCE51709}.Debug|x86.Build.0 = Debug|Win32
		{662B4F14-61D2-498A-B201-B8B0BCE51709}.Release|x64.ActiveCfg = Release|x64
		{662B4F14-61D2-498A-B201-B8B0BCE51709}.Release|x64.Build.0 = Release|x64
		{662B4F14-61D2-498A-B201-B8B0BCE51709}.Release|x86.ActiveCfg = Release|Win32
		{662B4F14-61D2-498A-B201-B8B0BCE51709}.Release|x86.Build.0 = Release|Win32
		{34517D6B-FF66-4D92-BC97-5AA06B8A7FDF}.Debug|x64.ActiveCfg = Debug|x64
		{34517D6B-FF66-4D92-BC97-5AA06B8A7FDF}.Debug|x64.Build.0 = Debug|x64
		{34517D6B-FF66-4D92-BC97-5AA06B8A7FDF}.Debug|x86.ActiveCfg = Debug|Win32
		{34517D6B-FF66-4D92-BC97-5AA06B8A7FDF}.Debug|x86.Build.0 = Debug|Win32
		{34517D6B-FF66-4D92-BC97-5AA06B8A7FDF}.Release|x64.ActiveCfg = Release|x64
		{34517D6B-FF66-4D92-BC97-5AA06B8A7FDF}.Release|x64.Build.0 = Release|x64
		{34517D6B-FF66-4D92-BC97-5AA06B8A7FDF}.Release|x86.ActiveCfg = Release|Win32
		{34517D6B-FF66-4D92-BC97-5AA06B8A7FDF}.Release|x86.Build.0 = Release|Win32
		{732C28B8-F439-4C44-9AAA-86727E008D27}.Debug|x64.ActiveCfg = Debug|x64
		{732C28B8-F439-4C44-9AAA-86727E008D27}.Debug|x64.Build.0 = Debug|x64
		{732C28B8-F439-4C44-9AAA-86727E008D27}.Debug|x86.ActiveCfg = Debug|Win32
		{732C28B8-F439-4C44-9AAA-86727E008D27}.Debug|x86.Build.0 = Debug|Win32
		{732C28B8-F439-4C44-9AAA-86727E008D27}.Release|x64.ActiveCfg = Release|x64
		{732C28B8-F439-4C44-9AAA-86727E008D27}.Release|x64.Build.0 = Release|x64
		{732C28B8-F439-4C44-9AAA-86727E008D27}.Release|x86.ActiveCfg = Release|Win32
		{732C28B8-F439-4C44-9AAA-86727E008D27}.Release|x86.Build.0 = Release|Win32
		{4EDC5030-5D52-4F3C-9363-161BA955B5DC}.Debug|x64.ActiveCfg = Debug|x64
		{4EDC5030-5D52-4F3C-9363-161BA955B5DC}.Debug|x64.Build.0 = Debug|x64
		{4EDC5030-5D52-4F3C-9363-161BA955B5DC}.Debug|x86.ActiveCfg = Debug|Win32
		{4EDC5030-5D52-4F3C-9363-161BA955B5DC}.Debug|x86.Build.0 = Debug|Win32
		{4EDC5030-5D52-4F3C-9363-161BA955B5DC}.Release|x64.ActiveCfg = Release|x64
		{4EDC5030-5D52-4F3C-9363-161BA955B5DC}.Release|x64.Build.0 = Release|x64
		{4EDC5030-5D52-4F3C-9363-161BA955B5DC}.Release|x86.ActiveCfg = Release|Win32
		{4EDC5030-5D52-4F3C-9363-161BA955B5DC}.Release|x86.Build.0 = Release|Win32
		{6ACF3D59-71AC-4D45-95B9-9A9E2909717E}.Debug|x64.ActiveCfg = Debug|x64
		{6ACF3D59-71AC-4D45-95B9-9A9E2909717E}.Debug|x64.Build.0 = Debug|x64
		{6ACF3D59-71AC-4D45-95B9-9A9E2909717E}.Debug|x86.ActiveCfg = Debug|Win32
		{6ACF3D59-71AC-4D45-95B9-9A9E2909717E}.Debug|x86.Build.0 = Debug|Win32
		{6ACF3D59-71AC-4D45-95B9-9A9E2909717E}.Release|x64.ActiveCfg = Release|x64
		{6ACF3D59-71AC-4D45-95B9-9A9E2909717E}.Release|x64.Build.0 = Release|x64
		{6ACF3D59-71AC-4D45-95B9-9A9E2909717E}.Release|x86.ActiveCfg = Release|Win32
		{6ACF3D59-71AC-4D45-95B9-9A9E2909717E}.Release|x86.Build.0 = Release|Win32
	EndGlobalSection
	GlobalSection(SolutionProperties) = preSolution
		HideSolutionNode = FALSE
	EndGlobalSection
	GlobalSection(NestedProjects) = preSolution
		{18E5B881-825C-4CB6-A215-72BA8B47E6C4} = {FAB56250-D39C-4FDD-A561-77D257B314DF}
		{528A854A-8248-4766-8C67-84E888F5DAE3} = {FAB56250-D39C-4FDD-A561-77D257B314DF}
		{3569DDF3-5F7E-485B-95CC-0DA4063BD3F0} = {6B864042-8744-4184-8A3F-1980E1287B89}
		{422B1DF4-F1A4-4C64-BCDB-3F1BAAAAA768} = {FAB56250-D39C-4FDD-A561-77D257B314DF}
		{E0B52AE7-E160-4D32-BF3F-910B785E5A8E} = {56C758CC-91C6-4B3D-BA0E-A088333CA062}
		{2ABAA4EF-A672-4416-A764-540FA782A4CD} = {FAB56250-D39C-4FDD-A561-77D257B314DF}
		{341B8AC3-8AE5-4997-A83D-6069563A19AA} = {0ADF26C3-962C-4FBC-BE41-4B662525A0DD}
		{662B4F14-61D2-498A-B201-B8B0BCE51709} = {7AE5D29B-42A4-4EAF-99BD-9FCB7B236BED}
		{34517D6B-FF66-4D92-BC97-5AA06B8A7FDF} = {FAB56250-D39C-4FDD-A561-77D257B314DF}
		{732C28B8-F439-4C44-9AAA-86727E008D27} = {6B864042-8744-4184-8A3F-1980E1287B89}
		{4EDC5030-5D52-4F3C-9363-161BA955B5DC} = {2A3EF156-3DCA-4615-BBEA-8EB15F69316E}
		{6ACF3D59-71AC-4D45-95B9-9A9E2909717E} = {56C758CC-91C6-4B3D-BA0E-A088333CA062}
	EndGlobalSection
	GlobalSection(ExtensibilityGlobals) = postSolution
		SolutionGuid = {AFBE0B74-936B-4942-9522-077E293A2ADA}
	EndGlobalSection
EndGlobal
